
Microsoft Visual Studio Solution File, Format Version 12.00
# Visual Studio 14
VisualStudioVersion = 14.0.25420.1
MinimumVisualStudioVersion = 10.0.40219.1
Project("{FAE04EC0-301F-11D3-BF4B-00C04F79EFBC}") = "MYCONCERT", "MYCONCERT\MYCONCERT.csproj", "{215090A4-EB44-4433-9E63-9256C093D3B7}"
EndProject
Project("{FAE04EC0-301F-11D3-BF4B-00C04F79EFBC}") = "MYCONCERT.Tests", "MYCONCERT.Tests\MYCONCERT.Tests.csproj", "{B58988D4-536F-421B-9029-2BB836B845D4}"
EndProject
Global
	GlobalSection(SolutionConfigurationPlatforms) = preSolution
		Debug|Any CPU = Debug|Any CPU
		Release|Any CPU = Release|Any CPU
	EndGlobalSection
	GlobalSection(ProjectConfigurationPlatforms) = postSolution
		{215090A4-EB44-4433-9E63-9256C093D3B7}.Debug|Any CPU.ActiveCfg = Debug|Any CPU
		{215090A4-EB44-4433-9E63-9256C093D3B7}.Debug|Any CPU.Build.0 = Debug|Any CPU
		{215090A4-EB44-4433-9E63-9256C093D3B7}.Release|Any CPU.ActiveCfg = Release|Any CPU
		{215090A4-EB44-4433-9E63-9256C093D3B7}.Release|Any CPU.Build.0 = Release|Any CPU
		{B58988D4-536F-421B-9029-2BB836B845D4}.Debug|Any CPU.ActiveCfg = Debug|Any CPU
		{B58988D4-536F-421B-9029-2BB836B845D4}.Debug|Any CPU.Build.0 = Debug|Any CPU
		{B58988D4-536F-421B-9029-2BB836B845D4}.Release|Any CPU.ActiveCfg = Release|Any CPU
		{B58988D4-536F-421B-9029-2BB836B845D4}.Release|Any CPU.Build.0 = Release|Any CPU
	EndGlobalSection
	GlobalSection(SolutionProperties) = preSolution
		HideSolutionNode = FALSE
	EndGlobalSection
EndGlobal
